
Microsoft Visual Studio Solution File, Format Version 12.00
# Visual Studio Version 16
VisualStudioVersion = 16.0.31729.503
MinimumVisualStudioVersion = 10.0.40219.1
Project("{FAE04EC0-301F-11D3-BF4B-00C04F79EFBC}") = "Scin_Beauty", "Scin_Beauty\Scin_Beauty.csproj", "{3B17FC83-277A-4474-92C0-82A0A5E3F4EB}"
EndProject
Global
	GlobalSection(SolutionConfigurationPlatforms) = preSolution
		Debug|Any CPU = Debug|Any CPU
		Release|Any CPU = Release|Any CPU
	EndGlobalSection
	GlobalSection(ProjectConfigurationPlatforms) = postSolution
		{3B17FC83-277A-4474-92C0-82A0A5E3F4EB}.Debug|Any CPU.ActiveCfg = Debug|Any CPU
		{3B17FC83-277A-4474-92C0-82A0A5E3F4EB}.Debug|Any CPU.Build.0 = Debug|Any CPU
		{3B17FC83-277A-4474-92C0-82A0A5E3F4EB}.Release|Any CPU.ActiveCfg = Release|Any CPU
		{3B17FC83-277A-4474-92C0-82A0A5E3F4EB}.Release|Any CPU.Build.0 = Release|Any CPU
	EndGlobalSection
	GlobalSection(SolutionProperties) = preSolution
		HideSolutionNode = FALSE
	EndGlobalSection
	GlobalSection(ExtensibilityGlobals) = postSolution
		SolutionGuid = {91DE99CC-68D4-4679-8F56-F22D00562291}
	EndGlobalSection
EndGlobal
